{
  "originHash" : "0a1a43f1d33ecdae0cf08a7c6ae5a9306a0847cd7e297f88285ca66944d60b04",
  "pins" : [
    {
      "identity" : "hue",
      "kind" : "remoteSourceControl",
      "location" : "https://github.com/zenangst/Hue.git",
      "state" : {
        "revision" : "b9d920cee4ba795fefb828d130744eee1e3d2feb",
        "version" : "5.0.1"
      }
    },
    {
      "identity" : "swiftui-introspect",
      "kind" : "remoteSourceControl",
      "location" : "https://github.com/siteline/swiftui-introspect",
      "state" : {
        "revision" : "18e965f867e37a558ad13c12d330dbe047099180",
        "version" : "1.1.2"
      }
    }
  ],
  "version" : 3
}
